
Microsoft Visual Studio Solution File, Format Version 12.00
# Visual Studio 14
VisualStudioVersion = 14.0.25420.1
MinimumVisualStudioVersion = 10.0.40219.1
Project("{FAE04EC0-301F-11D3-BF4B-00C04F79EFBC}") = "Ch_13_WPF", "Ch_13_WPF\Ch_13_WPF.csproj", "{6D269115-C9EA-45F1-8D7D-7B74E14AB292}"
EndProject
Project("{FAE04EC0-301F-11D3-BF4B-00C04F79EFBC}") = "Ch_13_UWP", "Ch_13_UWP\Ch_13_UWP.csproj", "{465A4309-EF58-4989-94AF-BC27D3E9F773}"
EndProject
Project("{FAE04EC0-301F-11D3-BF4B-00C04F79EFBC}") = "Ch_13_DataBinding", "Ch_13_DataBinding\Ch_13_DataBinding.csproj", "{074DEDE6-D1D0-4E5E-9032-8A5206A77FBF}"
EndProject
Project("{FAE04EC0-301F-11D3-BF4B-00C04F79EFBC}") = "Ch_13_BouncingBall", "Ch_13_BouncingBall\Ch_13_BouncingBall.csproj", "{A39E1973-1A05-4B76-A790-F25A7C2893EF}"
EndProject
Project("{FAE04EC0-301F-11D3-BF4B-00C04F79EFBC}") = "Ch_13_TipCalc", "Ch_13_TipCalc\Ch_13_TipCalc.csproj", "{0E7B9954-2171-4387-9B5C-C2F8C349EFB0}"
EndProject
Global
	GlobalSection(SolutionConfigurationPlatforms) = preSolution
		Debug|Any CPU = Debug|Any CPU
		Debug|ARM = Debug|ARM
		Debug|x64 = Debug|x64
		Debug|x86 = Debug|x86
		Release|Any CPU = Release|Any CPU
		Release|ARM = Release|ARM
		Release|x64 = Release|x64
		Release|x86 = Release|x86
	EndGlobalSection
	GlobalSection(ProjectConfigurationPlatforms) = postSolution
		{6D269115-C9EA-45F1-8D7D-7B74E14AB292}.Debug|Any CPU.ActiveCfg = Debug|Any CPU
		{6D269115-C9EA-45F1-8D7D-7B74E14AB292}.Debug|Any CPU.Build.0 = Debug|Any CPU
		{6D269115-C9EA-45F1-8D7D-7B74E14AB292}.Debug|ARM.ActiveCfg = Debug|Any CPU
		{6D269115-C9EA-45F1-8D7D-7B74E14AB292}.Debug|ARM.Build.0 = Debug|Any CPU
		{6D269115-C9EA-45F1-8D7D-7B74E14AB292}.Debug|x64.ActiveCfg = Debug|Any CPU
		{6D269115-C9EA-45F1-8D7D-7B74E14AB292}.Debug|x64.Build.0 = Debug|Any CPU
		{6D269115-C9EA-45F1-8D7D-7B74E14AB292}.Debug|x86.ActiveCfg = Debug|Any CPU
		{6D269115-C9EA-45F1-8D7D-7B74E14AB292}.Debug|x86.Build.0 = Debug|Any CPU
		{6D269115-C9EA-45F1-8D7D-7B74E14AB292}.Release|Any CPU.ActiveCfg = Release|Any CPU
		{6D269115-C9EA-45F1-8D7D-7B74E14AB292}.Release|Any CPU.Build.0 = Release|Any CPU
		{6D269115-C9EA-45F1-8D7D-7B74E14AB292}.Release|ARM.ActiveCfg = Release|Any CPU
		{6D269115-C9EA-45F1-8D7D-7B74E14AB292}.Release|ARM.Build.0 = Release|Any CPU
		{6D269115-C9EA-45F1-8D7D-7B74E14AB292}.Release|x64.ActiveCfg = Release|Any CPU
		{6D269115-C9EA-45F1-8D7D-7B74E14AB292}.Release|x64.Build.0 = Release|Any CPU
		{6D269115-C9EA-45F1-8D7D-7B74E14AB292}.Release|x86.ActiveCfg = Release|Any CPU
		{6D269115-C9EA-45F1-8D7D-7B74E14AB292}.Release|x86.Build.0 = Release|Any CPU
		{465A4309-EF58-4989-94AF-BC27D3E9F773}.Debug|Any CPU.ActiveCfg = Debug|x86
		{465A4309-EF58-4989-94AF-BC27D3E9F773}.Debug|ARM.ActiveCfg = Debug|ARM
		{465A4309-EF58-4989-94AF-BC27D3E9F773}.Debug|ARM.Build.0 = Debug|ARM
		{465A4309-EF58-4989-94AF-BC27D3E9F773}.Debug|ARM.Deploy.0 = Debug|ARM
		{465A4309-EF58-4989-94AF-BC27D3E9F773}.Debug|x64.ActiveCfg = Debug|x64
		{465A4309-EF58-4989-94AF-BC27D3E9F773}.Debug|x64.Build.0 = Debug|x64
		{465A4309-EF58-4989-94AF-BC27D3E9F773}.Debug|x64.Deploy.0 = Debug|x64
		{465A4309-EF58-4989-94AF-BC27D3E9F773}.Debug|x86.ActiveCfg = Debug|x86
		{465A4309-EF58-4989-94AF-BC27D3E9F773}.Debug|x86.Build.0 = Debug|x86
		{465A4309-EF58-4989-94AF-BC27D3E9F773}.Debug|x86.Deploy.0 = Debug|x86
		{465A4309-EF58-4989-94AF-BC27D3E9F773}.Release|Any CPU.ActiveCfg = Release|x86
		{465A4309-EF58-4989-94AF-BC27D3E9F773}.Release|ARM.ActiveCfg = Release|ARM
		{465A4309-EF58-4989-94AF-BC27D3E9F773}.Release|ARM.Build.0 = Release|ARM
		{465A4309-EF58-4989-94AF-BC27D3E9F773}.Release|ARM.Deploy.0 = Release|ARM
		{465A4309-EF58-4989-94AF-BC27D3E9F773}.Release|x64.ActiveCfg = Release|x64
		{465A4309-EF58-4989-94AF-BC27D3E9F773}.Release|x64.Build.0 = Release|x64
		{465A4309-EF58-4989-94AF-BC27D3E9F773}.Release|x64.Deploy.0 = Release|x64
		{465A4309-EF58-4989-94AF-BC27D3E9F773}.Release|x86.ActiveCfg = Release|x86
		{465A4309-EF58-4989-94AF-BC27D3E9F773}.Release|x86.Build.0 = Release|x86
		{465A4309-EF58-4989-94AF-BC27D3E9F773}.Release|x86.Deploy.0 = Release|x86
		{074DEDE6-D1D0-4E5E-9032-8A5206A77FBF}.Debug|Any CPU.ActiveCfg = Debug|x86
		{074DEDE6-D1D0-4E5E-9032-8A5206A77FBF}.Debug|ARM.ActiveCfg = Debug|ARM
		{074DEDE6-D1D0-4E5E-9032-8A5206A77FBF}.Debug|ARM.Build.0 = Debug|ARM
		{074DEDE6-D1D0-4E5E-9032-8A5206A77FBF}.Debug|ARM.Deploy.0 = Debug|ARM
		{074DEDE6-D1D0-4E5E-9032-8A5206A77FBF}.Debug|x64.ActiveCfg = Debug|x64
		{074DEDE6-D1D0-4E5E-9032-8A5206A77FBF}.Debug|x64.Build.0 = Debug|x64
		{074DEDE6-D1D0-4E5E-9032-8A5206A77FBF}.Debug|x64.Deploy.0 = Debug|x64
		{074DEDE6-D1D0-4E5E-9032-8A5206A77FBF}.Debug|x86.ActiveCfg = Debug|x86
		{074DEDE6-D1D0-4E5E-9032-8A5206A77FBF}.Debug|x86.Build.0 = Debug|x86
		{074DEDE6-D1D0-4E5E-9032-8A5206A77FBF}.Debug|x86.Deploy.0 = Debug|x86
		{074DEDE6-D1D0-4E5E-9032-8A5206A77FBF}.Release|Any CPU.ActiveCfg = Release|x86
		{074DEDE6-D1D0-4E5E-9032-8A5206A77FBF}.Release|ARM.ActiveCfg = Release|ARM
		{074DEDE6-D1D0-4E5E-9032-8A5206A77FBF}.Release|ARM.Build.0 = Release|ARM
		{074DEDE6-D1D0-4E5E-9032-8A5206A77FBF}.Release|ARM.Deploy.0 = Release|ARM
		{074DEDE6-D1D0-4E5E-9032-8A5206A77FBF}.Release|x64.ActiveCfg = Release|x64
		{074DEDE6-D1D0-4E5E-9032-8A5206A77FBF}.Release|x64.Build.0 = Release|x64
		{074DEDE6-D1D0-4E5E-9032-8A5206A77FBF}.Release|x64.Deploy.0 = Release|x64
		{074DEDE6-D1D0-4E5E-9032-8A5206A77FBF}.Release|x86.ActiveCfg = Release|x86
		{074DEDE6-D1D0-4E5E-9032-8A5206A77FBF}.Release|x86.Build.0 = Release|x86
		{074DEDE6-D1D0-4E5E-9032-8A5206A77FBF}.Release|x86.Deploy.0 = Release|x86
		{A39E1973-1A05-4B76-A790-F25A7C2893EF}.Debug|Any CPU.ActiveCfg = Debug|x86
		{A39E1973-1A05-4B76-A790-F25A7C2893EF}.Debug|ARM.ActiveCfg = Debug|ARM
		{A39E1973-1A05-4B76-A790-F25A7C2893EF}.Debug|ARM.Build.0 = Debug|ARM
		{A39E1973-1A05-4B76-A790-F25A7C2893EF}.Debug|ARM.Deploy.0 = Debug|ARM
		{A39E1973-1A05-4B76-A790-F25A7C2893EF}.Debug|x64.ActiveCfg = Debug|x64
		{A39E1973-1A05-4B76-A790-F25A7C2893EF}.Debug|x64.Build.0 = Debug|x64
		{A39E1973-1A05-4B76-A790-F25A7C2893EF}.Debug|x64.Deploy.0 = Debug|x64
		{A39E1973-1A05-4B76-A790-F25A7C2893EF}.Debug|x86.ActiveCfg = Debug|x86
		{A39E1973-1A05-4B76-A790-F25A7C2893EF}.Debug|x86.Build.0 = Debug|x86
		{A39E1973-1A05-4B76-A790-F25A7C2893EF}.Debug|x86.Deploy.0 = Debug|x86
		{A39E1973-1A05-4B76-A790-F25A7C2893EF}.Release|Any CPU.ActiveCfg = Release|x86
		{A39E1973-1A05-4B76-A790-F25A7C2893EF}.Release|ARM.ActiveCfg = Release|ARM
		{A39E1973-1A05-4B76-A790-F25A7C2893EF}.Release|ARM.Build.0 = Release|ARM
		{A39E1973-1A05-4B76-A790-F25A7C2893EF}.Release|ARM.Deploy.0 = Release|ARM
		{A39E1973-1A05-4B76-A790-F25A7C2893EF}.Release|x64.ActiveCfg = Release|x64
		{A39E1973-1A05-4B76-A790-F25A7C2893EF}.Release|x64.Build.0 = Release|x64
		{A39E1973-1A05-4B76-A790-F25A7C2893EF}.Release|x64.Deploy.0 = Release|x64
		{A39E1973-1A05-4B76-A790-F25A7C2893EF}.Release|x86.ActiveCfg = Release|x86
		{A39E1973-1A05-4B76-A790-F25A7C2893EF}.Release|x86.Build.0 = Release|x86
		{A39E1973-1A05-4B76-A790-F25A7C2893EF}.Release|x86.Deploy.0 = Release|x86
		{0E7B9954-2171-4387-9B5C-C2F8C349EFB0}.Debug|Any CPU.ActiveCfg = Debug|x86
		{0E7B9954-2171-4387-9B5C-C2F8C349EFB0}.Debug|ARM.ActiveCfg = Debug|ARM
		{0E7B9954-2171-4387-9B5C-C2F8C349EFB0}.Debug|ARM.Build.0 = Debug|ARM
		{0E7B9954-2171-4387-9B5C-C2F8C349EFB0}.Debug|ARM.Deploy.0 = Debug|ARM
		{0E7B9954-2171-4387-9B5C-C2F8C349EFB0}.Debug|x64.ActiveCfg = Debug|x64
		{0E7B9954-2171-4387-9B5C-C2F8C349EFB0}.Debug|x64.Build.0 = Debug|x64
		{0E7B9954-2171-4387-9B5C-C2F8C349EFB0}.Debug|x64.Deploy.0 = Debug|x64
		{0E7B9954-2171-4387-9B5C-C2F8C349EFB0}.Debug|x86.ActiveCfg = Debug|x86
		{0E7B9954-2171-4387-9B5C-C2F8C349EFB0}.Debug|x86.Build.0 = Debug|x86
		{0E7B9954-2171-4387-9B5C-C2F8C349EFB0}.Debug|x86.Deploy.0 = Debug|x86
		{0E7B9954-2171-4387-9B5C-C2F8C349EFB0}.Release|Any CPU.ActiveCfg = Release|x86
		{0E7B9954-2171-4387-9B5C-C2F8C349EFB0}.Release|ARM.ActiveCfg = Release|ARM
		{0E7B9954-2171-4387-9B5C-C2F8C349EFB0}.Release|ARM.Build.0 = Release|ARM
		{0E7B9954-2171-4387-9B5C-C2F8C349EFB0}.Release|ARM.Deploy.0 = Release|ARM
		{0E7B9954-2171-4387-9B5C-C2F8C349EFB0}.Release|x64.ActiveCfg = Release|x64
		{0E7B9954-2171-4387-9B5C-C2F8C349EFB0}.Release|x64.Build.0 = Release|x64
		{0E7B9954-2171-4387-9B5C-C2F8C349EFB0}.Release|x64.Deploy.0 = Release|x64
		{0E7B9954-2171-4387-9B5C-C2F8C349EFB0}.Release|x86.ActiveCfg = Release|x86
		{0E7B9954-2171-4387-9B5C-C2F8C349EFB0}.Release|x86.Build.0 = Release|x86
		{0E7B9954-2171-4387-9B5C-C2F8C349EFB0}.Release|x86.Deploy.0 = Release|x86
	EndGlobalSection
	GlobalSection(SolutionProperties) = preSolution
		HideSolutionNode = FALSE
	EndGlobalSection
EndGlobal
